
Microsoft Visual Studio Solution File, Format Version 12.00
# Visual Studio Version 16
VisualStudioVersion = 16.0.31515.178
MinimumVisualStudioVersion = 10.0.40219.1
Project("{FAE04EC0-301F-11D3-BF4B-00C04F79EFBC}") = "ZipperConsole", "ZipperConsole\ZipperConsole.csproj", "{842D204D-2D21-45EF-BEDD-E6D005384CEB}"
EndProject
Global
	GlobalSection(SolutionConfigurationPlatforms) = preSolution
		Debug|Any CPU = Debug|Any CPU
		Release|Any CPU = Release|Any CPU
	EndGlobalSection
	GlobalSection(ProjectConfigurationPlatforms) = postSolution
		{842D204D-2D21-45EF-BEDD-E6D005384CEB}.Debug|Any CPU.ActiveCfg = Debug|Any CPU
		{842D204D-2D21-45EF-BEDD-E6D005384CEB}.Debug|Any CPU.Build.0 = Debug|Any CPU
		{842D204D-2D21-45EF-BEDD-E6D005384CEB}.Release|Any CPU.ActiveCfg = Release|Any CPU
		{842D204D-2D21-45EF-BEDD-E6D005384CEB}.Release|Any CPU.Build.0 = Release|Any CPU
	EndGlobalSection
	GlobalSection(SolutionProperties) = preSolution
		HideSolutionNode = FALSE
	EndGlobalSection
	GlobalSection(ExtensibilityGlobals) = postSolution
		SolutionGuid = {CE81C7E6-77F7-4E2D-BAB1-64AC56E30C45}
	EndGlobalSection
EndGlobal
